
Microsoft Visual Studio Solution File, Format Version 12.00
# Visual Studio Version 17
VisualStudioVersion = 17.9.34723.18
MinimumVisualStudioVersion = 10.0.40219.1
Project("{FAE04EC0-301F-11D3-BF4B-00C04F79EFBC}") = "Questao1", "Questao1\Questao1.csproj", "{90642521-DA94-46AB-BF9A-E93CBC82C56D}"
EndProject
Project("{FAE04EC0-301F-11D3-BF4B-00C04F79EFBC}") = "Questao2", "Questao2\Questao2.csproj", "{A463C3E2-7554-409D-92B6-561E8D81095F}"
EndProject
Project("{FAE04EC0-301F-11D3-BF4B-00C04F79EFBC}") = "Questao3", "Questao3\Questao3.csproj", "{FC5B4082-8552-4D23-92EA-4E3036C15DE6}"
EndProject
Global
	GlobalSection(SolutionConfigurationPlatforms) = preSolution
		Debug|Any CPU = Debug|Any CPU
		Release|Any CPU = Release|Any CPU
	EndGlobalSection
	GlobalSection(ProjectConfigurationPlatforms) = postSolution
		{90642521-DA94-46AB-BF9A-E93CBC82C56D}.Debug|Any CPU.ActiveCfg = Debug|Any CPU
		{90642521-DA94-46AB-BF9A-E93CBC82C56D}.Debug|Any CPU.Build.0 = Debug|Any CPU
		{90642521-DA94-46AB-BF9A-E93CBC82C56D}.Release|Any CPU.ActiveCfg = Release|Any CPU
		{90642521-DA94-46AB-BF9A-E93CBC82C56D}.Release|Any CPU.Build.0 = Release|Any CPU
		{A463C3E2-7554-409D-92B6-561E8D81095F}.Debug|Any CPU.ActiveCfg = Debug|Any CPU
		{A463C3E2-7554-409D-92B6-561E8D81095F}.Debug|Any CPU.Build.0 = Debug|Any CPU
		{A463C3E2-7554-409D-92B6-561E8D81095F}.Release|Any CPU.ActiveCfg = Release|Any CPU
		{A463C3E2-7554-409D-92B6-561E8D81095F}.Release|Any CPU.Build.0 = Release|Any CPU
		{FC5B4082-8552-4D23-92EA-4E3036C15DE6}.Debug|Any CPU.ActiveCfg = Debug|Any CPU
		{FC5B4082-8552-4D23-92EA-4E3036C15DE6}.Debug|Any CPU.Build.0 = Debug|Any CPU
		{FC5B4082-8552-4D23-92EA-4E3036C15DE6}.Release|Any CPU.ActiveCfg = Release|Any CPU
		{FC5B4082-8552-4D23-92EA-4E3036C15DE6}.Release|Any CPU.Build.0 = Release|Any CPU
	EndGlobalSection
	GlobalSection(SolutionProperties) = preSolution
		HideSolutionNode = FALSE
	EndGlobalSection
	GlobalSection(ExtensibilityGlobals) = postSolution
		SolutionGuid = {C53DE2C6-2C89-4FE0-AEC2-F63A11A13461}
	EndGlobalSection
EndGlobal
